
Microsoft Visual Studio Solution File, Format Version 12.00
Project("{FAE04EC0-301F-11D3-BF4B-00C04F79EFBC}") = "BlazorSide", "BlazorSide\BlazorSide.csproj", "{9CCE9A64-47B1-4B98-B7EE-62691213CF05}"
EndProject
Project("{FAE04EC0-301F-11D3-BF4B-00C04F79EFBC}") = "Entities", "Entities\Entities.csproj", "{8DEBF469-5788-492F-8FB6-CA819E33B8F8}"
EndProject
Project("{FAE04EC0-301F-11D3-BF4B-00C04F79EFBC}") = "Contracts", "Contracts\Contracts.csproj", "{B3DB54D6-BB16-481A-92F4-F2679E4C3604}"
EndProject
Project("{FAE04EC0-301F-11D3-BF4B-00C04F79EFBC}") = "RabbitMqClients", "RabbitMqClients\RabbitMqClients.csproj", "{0E242E4B-6E80-40F0-B549-F43CB151E1DB}"
EndProject
Project("{FAE04EC0-301F-11D3-BF4B-00C04F79EFBC}") = "Utilities", "Utilities\Utilities.csproj", "{2F90B612-B56A-4B96-BC66-D5FD696D4503}"
EndProject
Project("{FAE04EC0-301F-11D3-BF4B-00C04F79EFBC}") = "ConsumerBackgroundServices", "ConsumerBackgroundServices\ConsumerBackgroundServices.csproj", "{694E9757-C242-428C-81F1-B67737A31CC1}"
EndProject
Project("{FAE04EC0-301F-11D3-BF4B-00C04F79EFBC}") = "StateContainer", "StateContainer\StateContainer.csproj", "{FAB69CE7-21AE-45ED-B13A-962BB069C8CD}"
EndProject
Project("{FAE04EC0-301F-11D3-BF4B-00C04F79EFBC}") = "Tests", "Tests\Tests.csproj", "{487F6233-AA1E-4543-BB5F-38749C51C915}"
EndProject
Global
	GlobalSection(SolutionConfigurationPlatforms) = preSolution
		Debug|Any CPU = Debug|Any CPU
		Release|Any CPU = Release|Any CPU
	EndGlobalSection
	GlobalSection(ProjectConfigurationPlatforms) = postSolution
		{9CCE9A64-47B1-4B98-B7EE-62691213CF05}.Debug|Any CPU.ActiveCfg = Debug|Any CPU
		{9CCE9A64-47B1-4B98-B7EE-62691213CF05}.Debug|Any CPU.Build.0 = Debug|Any CPU
		{9CCE9A64-47B1-4B98-B7EE-62691213CF05}.Release|Any CPU.ActiveCfg = Release|Any CPU
		{9CCE9A64-47B1-4B98-B7EE-62691213CF05}.Release|Any CPU.Build.0 = Release|Any CPU
		{8DEBF469-5788-492F-8FB6-CA819E33B8F8}.Debug|Any CPU.ActiveCfg = Debug|Any CPU
		{8DEBF469-5788-492F-8FB6-CA819E33B8F8}.Debug|Any CPU.Build.0 = Debug|Any CPU
		{8DEBF469-5788-492F-8FB6-CA819E33B8F8}.Release|Any CPU.ActiveCfg = Release|Any CPU
		{8DEBF469-5788-492F-8FB6-CA819E33B8F8}.Release|Any CPU.Build.0 = Release|Any CPU
		{B3DB54D6-BB16-481A-92F4-F2679E4C3604}.Debug|Any CPU.ActiveCfg = Debug|Any CPU
		{B3DB54D6-BB16-481A-92F4-F2679E4C3604}.Debug|Any CPU.Build.0 = Debug|Any CPU
		{B3DB54D6-BB16-481A-92F4-F2679E4C3604}.Release|Any CPU.ActiveCfg = Release|Any CPU
		{B3DB54D6-BB16-481A-92F4-F2679E4C3604}.Release|Any CPU.Build.0 = Release|Any CPU
		{0E242E4B-6E80-40F0-B549-F43CB151E1DB}.Debug|Any CPU.ActiveCfg = Debug|Any CPU
		{0E242E4B-6E80-40F0-B549-F43CB151E1DB}.Debug|Any CPU.Build.0 = Debug|Any CPU
		{0E242E4B-6E80-40F0-B549-F43CB151E1DB}.Release|Any CPU.ActiveCfg = Release|Any CPU
		{0E242E4B-6E80-40F0-B549-F43CB151E1DB}.Release|Any CPU.Build.0 = Release|Any CPU
		{2F90B612-B56A-4B96-BC66-D5FD696D4503}.Debug|Any CPU.ActiveCfg = Debug|Any CPU
		{2F90B612-B56A-4B96-BC66-D5FD696D4503}.Debug|Any CPU.Build.0 = Debug|Any CPU
		{2F90B612-B56A-4B96-BC66-D5FD696D4503}.Release|Any CPU.ActiveCfg = Release|Any CPU
		{2F90B612-B56A-4B96-BC66-D5FD696D4503}.Release|Any CPU.Build.0 = Release|Any CPU
		{694E9757-C242-428C-81F1-B67737A31CC1}.Debug|Any CPU.ActiveCfg = Debug|Any CPU
		{694E9757-C242-428C-81F1-B67737A31CC1}.Debug|Any CPU.Build.0 = Debug|Any CPU
		{694E9757-C242-428C-81F1-B67737A31CC1}.Release|Any CPU.ActiveCfg = Release|Any CPU
		{694E9757-C242-428C-81F1-B67737A31CC1}.Release|Any CPU.Build.0 = Release|Any CPU
		{FAB69CE7-21AE-45ED-B13A-962BB069C8CD}.Debug|Any CPU.ActiveCfg = Debug|Any CPU
		{FAB69CE7-21AE-45ED-B13A-962BB069C8CD}.Debug|Any CPU.Build.0 = Debug|Any CPU
		{FAB69CE7-21AE-45ED-B13A-962BB069C8CD}.Release|Any CPU.ActiveCfg = Release|Any CPU
		{FAB69CE7-21AE-45ED-B13A-962BB069C8CD}.Release|Any CPU.Build.0 = Release|Any CPU
		{487F6233-AA1E-4543-BB5F-38749C51C915}.Debug|Any CPU.ActiveCfg = Debug|Any CPU
		{487F6233-AA1E-4543-BB5F-38749C51C915}.Debug|Any CPU.Build.0 = Debug|Any CPU
		{487F6233-AA1E-4543-BB5F-38749C51C915}.Release|Any CPU.ActiveCfg = Release|Any CPU
		{487F6233-AA1E-4543-BB5F-38749C51C915}.Release|Any CPU.Build.0 = Release|Any CPU
	EndGlobalSection
EndGlobal
